
Microsoft Visual Studio Solution File, Format Version 12.00
# Visual Studio Version 17
VisualStudioVersion = 17.10.35027.167
MinimumVisualStudioVersion = 10.0.40219.1
Project("{9A19103F-16F7-4668-BE54-9A1E7A4F7556}") = "CompanyEmployees", "CompanyEmployees.csproj", "{F896C97E-A130-45E8-BDA1-63284877B943}"
EndProject
Project("{9A19103F-16F7-4668-BE54-9A1E7A4F7556}") = "Contracts", "..\Contracts\Contracts.csproj", "{2CDF2620-65D7-45CF-B844-D33228D081BA}"
EndProject
Project("{9A19103F-16F7-4668-BE54-9A1E7A4F7556}") = "LoggerService", "..\LoggerService\LoggerService.csproj", "{BE4B2DEF-6CA7-4FC3-88C7-C993293CF7EF}"
EndProject
Project("{9A19103F-16F7-4668-BE54-9A1E7A4F7556}") = "Entities", "..\Entities\Entities.csproj", "{A2D5DBB5-69C1-4F4F-B365-A8F120D26299}"
EndProject
Project("{9A19103F-16F7-4668-BE54-9A1E7A4F7556}") = "Repository", "..\Repository\Repository.csproj", "{A2069C2C-492E-4311-BBFF-4070C486BF7F}"
EndProject
Project("{9A19103F-16F7-4668-BE54-9A1E7A4F7556}") = "Service.Contracts", "..\Service.Contracts\Service.Contracts.csproj", "{DB3939D4-7EF7-4EAE-9F6D-B7657D2E33AE}"
EndProject
Project("{9A19103F-16F7-4668-BE54-9A1E7A4F7556}") = "Service", "..\Service\Service.csproj", "{CF83F7F4-9261-4E95-9EBD-3D003D348EF8}"
EndProject
Project("{FAE04EC0-301F-11D3-BF4B-00C04F79EFBC}") = "CompanyEmployees.Presentation", "..\CompanyEmployees.Presentation\CompanyEmployees.Presentation.csproj", "{05880063-4164-4582-A1EF-7E999328BADD}"
EndProject
Global
	GlobalSection(SolutionConfigurationPlatforms) = preSolution
		Debug|Any CPU = Debug|Any CPU
		Release|Any CPU = Release|Any CPU
	EndGlobalSection
	GlobalSection(ProjectConfigurationPlatforms) = postSolution
		{F896C97E-A130-45E8-BDA1-63284877B943}.Debug|Any CPU.ActiveCfg = Debug|Any CPU
		{F896C97E-A130-45E8-BDA1-63284877B943}.Debug|Any CPU.Build.0 = Debug|Any CPU
		{F896C97E-A130-45E8-BDA1-63284877B943}.Release|Any CPU.ActiveCfg = Release|Any CPU
		{F896C97E-A130-45E8-BDA1-63284877B943}.Release|Any CPU.Build.0 = Release|Any CPU
		{2CDF2620-65D7-45CF-B844-D33228D081BA}.Debug|Any CPU.ActiveCfg = Debug|Any CPU
		{2CDF2620-65D7-45CF-B844-D33228D081BA}.Debug|Any CPU.Build.0 = Debug|Any CPU
		{2CDF2620-65D7-45CF-B844-D33228D081BA}.Release|Any CPU.ActiveCfg = Release|Any CPU
		{2CDF2620-65D7-45CF-B844-D33228D081BA}.Release|Any CPU.Build.0 = Release|Any CPU
		{BE4B2DEF-6CA7-4FC3-88C7-C993293CF7EF}.Debug|Any CPU.ActiveCfg = Debug|Any CPU
		{BE4B2DEF-6CA7-4FC3-88C7-C993293CF7EF}.Debug|Any CPU.Build.0 = Debug|Any CPU
		{BE4B2DEF-6CA7-4FC3-88C7-C993293CF7EF}.Release|Any CPU.ActiveCfg = Release|Any CPU
		{BE4B2DEF-6CA7-4FC3-88C7-C993293CF7EF}.Release|Any CPU.Build.0 = Release|Any CPU
		{A2D5DBB5-69C1-4F4F-B365-A8F120D26299}.Debug|Any CPU.ActiveCfg = Debug|Any CPU
		{A2D5DBB5-69C1-4F4F-B365-A8F120D26299}.Debug|Any CPU.Build.0 = Debug|Any CPU
		{A2D5DBB5-69C1-4F4F-B365-A8F120D26299}.Release|Any CPU.ActiveCfg = Release|Any CPU
		{A2D5DBB5-69C1-4F4F-B365-A8F120D26299}.Release|Any CPU.Build.0 = Release|Any CPU
		{A2069C2C-492E-4311-BBFF-4070C486BF7F}.Debug|Any CPU.ActiveCfg = Debug|Any CPU
		{A2069C2C-492E-4311-BBFF-4070C486BF7F}.Debug|Any CPU.Build.0 = Debug|Any CPU
		{A2069C2C-492E-4311-BBFF-4070C486BF7F}.Release|Any CPU.ActiveCfg = Release|Any CPU
		{A2069C2C-492E-4311-BBFF-4070C486BF7F}.Release|Any CPU.Build.0 = Release|Any CPU
		{DB3939D4-7EF7-4EAE-9F6D-B7657D2E33AE}.Debug|Any CPU.ActiveCfg = Debug|Any CPU
		{DB3939D4-7EF7-4EAE-9F6D-B7657D2E33AE}.Debug|Any CPU.Build.0 = Debug|Any CPU
		{DB3939D4-7EF7-4EAE-9F6D-B7657D2E33AE}.Release|Any CPU.ActiveCfg = Release|Any CPU
		{DB3939D4-7EF7-4EAE-9F6D-B7657D2E33AE}.Release|Any CPU.Build.0 = Release|Any CPU
		{CF83F7F4-9261-4E95-9EBD-3D003D348EF8}.Debug|Any CPU.ActiveCfg = Debug|Any CPU
		{CF83F7F4-9261-4E95-9EBD-3D003D348EF8}.Debug|Any CPU.Build.0 = Debug|Any CPU
		{CF83F7F4-9261-4E95-9EBD-3D003D348EF8}.Release|Any CPU.ActiveCfg = Release|Any CPU
		{CF83F7F4-9261-4E95-9EBD-3D003D348EF8}.Release|Any CPU.Build.0 = Release|Any CPU
		{05880063-4164-4582-A1EF-7E999328BADD}.Debug|Any CPU.ActiveCfg = Debug|Any CPU
		{05880063-4164-4582-A1EF-7E999328BADD}.Debug|Any CPU.Build.0 = Debug|Any CPU
		{05880063-4164-4582-A1EF-7E999328BADD}.Release|Any CPU.ActiveCfg = Release|Any CPU
		{05880063-4164-4582-A1EF-7E999328BADD}.Release|Any CPU.Build.0 = Release|Any CPU
	EndGlobalSection
	GlobalSection(SolutionProperties) = preSolution
		HideSolutionNode = FALSE
	EndGlobalSection
	GlobalSection(ExtensibilityGlobals) = postSolution
		SolutionGuid = {78C5D510-FC84-4222-B106-DCE8ABBCDC2D}
	EndGlobalSection
EndGlobal
